
Microsoft Visual Studio Solution File, Format Version 10.00
# Visual Studio 2008
Project("{FAE04EC0-301F-11D3-BF4B-00C04F79EFBC}") = "VendingMachine", "src\VendingMachine.csproj", "{D25939DD-1A54-46D3-82EA-90178C9BFDF5}"
EndProject
Project("{FAE04EC0-301F-11D3-BF4B-00C04F79EFBC}") = "VendingMachine.UnitTests", "unittests\VendingMachine.UnitTests.csproj", "{6C7F12C6-BC30-4ABE-AD68-92B67925E643}"
EndProject
Global
	GlobalSection(SolutionConfigurationPlatforms) = preSolution
		Debug|Any CPU = Debug|Any CPU
		Release|Any CPU = Release|Any CPU
	EndGlobalSection
	GlobalSection(ProjectConfigurationPlatforms) = postSolution
		{D25939DD-1A54-46D3-82EA-90178C9BFDF5}.Debug|Any CPU.ActiveCfg = Debug|Any CPU
		{D25939DD-1A54-46D3-82EA-90178C9BFDF5}.Debug|Any CPU.Build.0 = Debug|Any CPU
		{D25939DD-1A54-46D3-82EA-90178C9BFDF5}.Release|Any CPU.ActiveCfg = Release|Any CPU
		{D25939DD-1A54-46D3-82EA-90178C9BFDF5}.Release|Any CPU.Build.0 = Release|Any CPU
		{6C7F12C6-BC30-4ABE-AD68-92B67925E643}.Debug|Any CPU.ActiveCfg = Debug|Any CPU
		{6C7F12C6-BC30-4ABE-AD68-92B67925E643}.Debug|Any CPU.Build.0 = Debug|Any CPU
		{6C7F12C6-BC30-4ABE-AD68-92B67925E643}.Release|Any CPU.ActiveCfg = Release|Any CPU
		{6C7F12C6-BC30-4ABE-AD68-92B67925E643}.Release|Any CPU.Build.0 = Release|Any CPU
	EndGlobalSection
	GlobalSection(SolutionProperties) = preSolution
		HideSolutionNode = FALSE
	EndGlobalSection
EndGlobal
